<?xml version="1.0" encoding="utf-8"?>
<Project ToolsVersion="17.0" xmlns="http://schemas.microsoft.com/developer/msbuild/2003">
  <ItemGroup>
    <CustomBuild Include="C:\Users\sergx\CLionProjects\Array-processing-using-ARM-NEON-and-optimizations\build-host-win\CMakeFiles\a9e6669a4e280caea68a6ad58fdae4ef\uninstall.rule">
      <Filter>CMake Rules</Filter>
    </CustomBuild>
    <CustomBuild Include="C:\Users\sergx\CLionProjects\Array-processing-using-ARM-NEON-and-optimizations\vendors\glfw\CMakeLists.txt" />
  </ItemGroup>
  <ItemGroup>
    <None Include="C:\Users\sergx\CLionProjects\Array-processing-using-ARM-NEON-and-optimizations\build-host-win\vendors\glfw\CMakeFiles\uninstall" />
  </ItemGroup>
  <ItemGroup>
    <Filter Include="CMake Rules">
      <UniqueIdentifier>{ACA52C47-C3FC-3771-A867-923647807AB4}</UniqueIdentifier>
    </Filter>
  </ItemGroup>
</Project>
