
Microsoft Visual Studio Solution File, Format Version 12.00
# Visual Studio Version 17
Project("{2150E333-8FDC-42A3-9474-1A3956D46DE8}") = "CMakePredefinedTargets", "CMakePredefinedTargets", "{3AE6CA36-E377-38C4-AC8B-B432CA409F54}"
EndProject
Project("{2150E333-8FDC-42A3-9474-1A3956D46DE8}") = "GLFW3", "GLFW3", "{A6E7AC9C-C65B-30DE-85EF-02A4C0854B6C}"
EndProject
Project("{8BC9CEB8-8B4A-11D0-8D11-00A0C91BC942}") = "ALL_BUILD", "ALL_BUILD.vcxproj", "{58D2A8C9-2FDC-3680-91CF-17E79E1E1D0E}"
	ProjectSection(ProjectDependencies) = postProject
		{BDC08190-9837-3EF7-A135-95D1E58DB92E} = {BDC08190-9837-3EF7-A135-95D1E58DB92E}
		{B78205D8-881D-3BF8-A17B-79B055E26369} = {B78205D8-881D-3BF8-A17B-79B055E26369}
		{3CDD1222-B63E-3DA8-86ED-8941C326D86C} = {3CDD1222-B63E-3DA8-86ED-8941C326D86C}
		{42078255-F8F2-3AD1-A32E-4322DFD743C4} = {42078255-F8F2-3AD1-A32E-4322DFD743C4}
		{CA533741-1646-3748-B5AD-1CAC0B498777} = {CA533741-1646-3748-B5AD-1CAC0B498777}
		{EB0BE378-2295-3688-BE1E-AF9B94849496} = {EB0BE378-2295-3688-BE1E-AF9B94849496}
	EndProjectSection
EndProject
Project("{8BC9CEB8-8B4A-11D0-8D11-00A0C91BC942}") = "INSTALL", "INSTALL.vcxproj", "{1EB643E9-4809-3035-9379-EF9B1D83984F}"
	ProjectSection(ProjectDependencies) = postProject
		{58D2A8C9-2FDC-3680-91CF-17E79E1E1D0E} = {58D2A8C9-2FDC-3680-91CF-17E79E1E1D0E}
		{BDC08190-9837-3EF7-A135-95D1E58DB92E} = {BDC08190-9837-3EF7-A135-95D1E58DB92E}
	EndProjectSection
EndProject
Project("{8BC9CEB8-8B4A-11D0-8D11-00A0C91BC942}") = "ZERO_CHECK", "ZERO_CHECK.vcxproj", "{BDC08190-9837-3EF7-A135-95D1E58DB92E}"
	ProjectSection(ProjectDependencies) = postProject
	EndProjectSection
EndProject
Project("{8BC9CEB8-8B4A-11D0-8D11-00A0C91BC942}") = "array_processing_shared", "array_processing_shared.vcxproj", "{B78205D8-881D-3BF8-A17B-79B055E26369}"
	ProjectSection(ProjectDependencies) = postProject
		{BDC08190-9837-3EF7-A135-95D1E58DB92E} = {BDC08190-9837-3EF7-A135-95D1E58DB92E}
	EndProjectSection
EndProject
Project("{8BC9CEB8-8B4A-11D0-8D11-00A0C91BC942}") = "array_processing_static", "array_processing_static.vcxproj", "{3CDD1222-B63E-3DA8-86ED-8941C326D86C}"
	ProjectSection(ProjectDependencies) = postProject
		{BDC08190-9837-3EF7-A135-95D1E58DB92E} = {BDC08190-9837-3EF7-A135-95D1E58DB92E}
	EndProjectSection
EndProject
Project("{8BC9CEB8-8B4A-11D0-8D11-00A0C91BC942}") = "glfw", "vendors\glfw\src\glfw.vcxproj", "{42078255-F8F2-3AD1-A32E-4322DFD743C4}"
	ProjectSection(ProjectDependencies) = postProject
		{BDC08190-9837-3EF7-A135-95D1E58DB92E} = {BDC08190-9837-3EF7-A135-95D1E58DB92E}
	EndProjectSection
EndProject
Project("{8BC9CEB8-8B4A-11D0-8D11-00A0C91BC942}") = "go", "go.vcxproj", "{CA533741-1646-3748-B5AD-1CAC0B498777}"
	ProjectSection(ProjectDependencies) = postProject
		{BDC08190-9837-3EF7-A135-95D1E58DB92E} = {BDC08190-9837-3EF7-A135-95D1E58DB92E}
		{3CDD1222-B63E-3DA8-86ED-8941C326D86C} = {3CDD1222-B63E-3DA8-86ED-8941C326D86C}
		{42078255-F8F2-3AD1-A32E-4322DFD743C4} = {42078255-F8F2-3AD1-A32E-4322DFD743C4}
		{EB0BE378-2295-3688-BE1E-AF9B94849496} = {EB0BE378-2295-3688-BE1E-AF9B94849496}
	EndProjectSection
EndProject
Project("{8BC9CEB8-8B4A-11D0-8D11-00A0C91BC942}") = "imgui", "imgui.vcxproj", "{EB0BE378-2295-3688-BE1E-AF9B94849496}"
	ProjectSection(ProjectDependencies) = postProject
		{BDC08190-9837-3EF7-A135-95D1E58DB92E} = {BDC08190-9837-3EF7-A135-95D1E58DB92E}
		{42078255-F8F2-3AD1-A32E-4322DFD743C4} = {42078255-F8F2-3AD1-A32E-4322DFD743C4}
	EndProjectSection
EndProject
Project("{8BC9CEB8-8B4A-11D0-8D11-00A0C91BC942}") = "uninstall", "vendors\glfw\uninstall.vcxproj", "{D0E75BCB-8FB4-309E-BB9F-B3A3D5A4F0C8}"
	ProjectSection(ProjectDependencies) = postProject
		{BDC08190-9837-3EF7-A135-95D1E58DB92E} = {BDC08190-9837-3EF7-A135-95D1E58DB92E}
	EndProjectSection
EndProject
Project("{8BC9CEB8-8B4A-11D0-8D11-00A0C91BC942}") = "update_mappings", "vendors\glfw\src\update_mappings.vcxproj", "{23938FE2-2EAB-325A-9FE0-57FDDC435150}"
	ProjectSection(ProjectDependencies) = postProject
		{BDC08190-9837-3EF7-A135-95D1E58DB92E} = {BDC08190-9837-3EF7-A135-95D1E58DB92E}
	EndProjectSection
EndProject
Global
	GlobalSection(SolutionConfigurationPlatforms) = preSolution
		Debug|x64 = Debug|x64
		Release|x64 = Release|x64
		MinSizeRel|x64 = MinSizeRel|x64
		RelWithDebInfo|x64 = RelWithDebInfo|x64
	EndGlobalSection
	GlobalSection(ProjectConfigurationPlatforms) = postSolution
		{58D2A8C9-2FDC-3680-91CF-17E79E1E1D0E}.Debug|x64.ActiveCfg = Debug|x64
		{58D2A8C9-2FDC-3680-91CF-17E79E1E1D0E}.Debug|x64.Build.0 = Debug|x64
		{58D2A8C9-2FDC-3680-91CF-17E79E1E1D0E}.Release|x64.ActiveCfg = Release|x64
		{58D2A8C9-2FDC-3680-91CF-17E79E1E1D0E}.Release|x64.Build.0 = Release|x64
		{58D2A8C9-2FDC-3680-91CF-17E79E1E1D0E}.MinSizeRel|x64.ActiveCfg = MinSizeRel|x64
		{58D2A8C9-2FDC-3680-91CF-17E79E1E1D0E}.MinSizeRel|x64.Build.0 = MinSizeRel|x64
		{58D2A8C9-2FDC-3680-91CF-17E79E1E1D0E}.RelWithDebInfo|x64.ActiveCfg = RelWithDebInfo|x64
		{58D2A8C9-2FDC-3680-91CF-17E79E1E1D0E}.RelWithDebInfo|x64.Build.0 = RelWithDebInfo|x64
		{1EB643E9-4809-3035-9379-EF9B1D83984F}.Debug|x64.ActiveCfg = Debug|x64
		{1EB643E9-4809-3035-9379-EF9B1D83984F}.Release|x64.ActiveCfg = Release|x64
		{1EB643E9-4809-3035-9379-EF9B1D83984F}.MinSizeRel|x64.ActiveCfg = MinSizeRel|x64
		{1EB643E9-4809-3035-9379-EF9B1D83984F}.RelWithDebInfo|x64.ActiveCfg = RelWithDebInfo|x64
		{BDC08190-9837-3EF7-A135-95D1E58DB92E}.Debug|x64.ActiveCfg = Debug|x64
		{BDC08190-9837-3EF7-A135-95D1E58DB92E}.Debug|x64.Build.0 = Debug|x64
		{BDC08190-9837-3EF7-A135-95D1E58DB92E}.Release|x64.ActiveCfg = Release|x64
		{BDC08190-9837-3EF7-A135-95D1E58DB92E}.Release|x64.Build.0 = Release|x64
		{BDC08190-9837-3EF7-A135-95D1E58DB92E}.MinSizeRel|x64.ActiveCfg = MinSizeRel|x64
		{BDC08190-9837-3EF7-A135-95D1E58DB92E}.MinSizeRel|x64.Build.0 = MinSizeRel|x64
		{BDC08190-9837-3EF7-A135-95D1E58DB92E}.RelWithDebInfo|x64.ActiveCfg = RelWithDebInfo|x64
		{BDC08190-9837-3EF7-A135-95D1E58DB92E}.RelWithDebInfo|x64.Build.0 = RelWithDebInfo|x64
		{B78205D8-881D-3BF8-A17B-79B055E26369}.Debug|x64.ActiveCfg = Debug|x64
		{B78205D8-881D-3BF8-A17B-79B055E26369}.Debug|x64.Build.0 = Debug|x64
		{B78205D8-881D-3BF8-A17B-79B055E26369}.Release|x64.ActiveCfg = Release|x64
		{B78205D8-881D-3BF8-A17B-79B055E26369}.Release|x64.Build.0 = Release|x64
		{B78205D8-881D-3BF8-A17B-79B055E26369}.MinSizeRel|x64.ActiveCfg = MinSizeRel|x64
		{B78205D8-881D-3BF8-A17B-79B055E26369}.MinSizeRel|x64.Build.0 = MinSizeRel|x64
		{B78205D8-881D-3BF8-A17B-79B055E26369}.RelWithDebInfo|x64.ActiveCfg = RelWithDebInfo|x64
		{B78205D8-881D-3BF8-A17B-79B055E26369}.RelWithDebInfo|x64.Build.0 = RelWithDebInfo|x64
		{3CDD1222-B63E-3DA8-86ED-8941C326D86C}.Debug|x64.ActiveCfg = Debug|x64
		{3CDD1222-B63E-3DA8-86ED-8941C326D86C}.Debug|x64.Build.0 = Debug|x64
		{3CDD1222-B63E-3DA8-86ED-8941C326D86C}.Release|x64.ActiveCfg = Release|x64
		{3CDD1222-B63E-3DA8-86ED-8941C326D86C}.Release|x64.Build.0 = Release|x64
		{3CDD1222-B63E-3DA8-86ED-8941C326D86C}.MinSizeRel|x64.ActiveCfg = MinSizeRel|x64
		{3CDD1222-B63E-3DA8-86ED-8941C326D86C}.MinSizeRel|x64.Build.0 = MinSizeRel|x64
		{3CDD1222-B63E-3DA8-86ED-8941C326D86C}.RelWithDebInfo|x64.ActiveCfg = RelWithDebInfo|x64
		{3CDD1222-B63E-3DA8-86ED-8941C326D86C}.RelWithDebInfo|x64.Build.0 = RelWithDebInfo|x64
		{42078255-F8F2-3AD1-A32E-4322DFD743C4}.Debug|x64.ActiveCfg = Debug|x64
		{42078255-F8F2-3AD1-A32E-4322DFD743C4}.Debug|x64.Build.0 = Debug|x64
		{42078255-F8F2-3AD1-A32E-4322DFD743C4}.Release|x64.ActiveCfg = Release|x64
		{42078255-F8F2-3AD1-A32E-4322DFD743C4}.Release|x64.Build.0 = Release|x64
		{42078255-F8F2-3AD1-A32E-4322DFD743C4}.MinSizeRel|x64.ActiveCfg = MinSizeRel|x64
		{42078255-F8F2-3AD1-A32E-4322DFD743C4}.MinSizeRel|x64.Build.0 = MinSizeRel|x64
		{42078255-F8F2-3AD1-A32E-4322DFD743C4}.RelWithDebInfo|x64.ActiveCfg = RelWithDebInfo|x64
		{42078255-F8F2-3AD1-A32E-4322DFD743C4}.RelWithDebInfo|x64.Build.0 = RelWithDebInfo|x64
		{CA533741-1646-3748-B5AD-1CAC0B498777}.Debug|x64.ActiveCfg = Debug|x64
		{CA533741-1646-3748-B5AD-1CAC0B498777}.Debug|x64.Build.0 = Debug|x64
		{CA533741-1646-3748-B5AD-1CAC0B498777}.Release|x64.ActiveCfg = Release|x64
		{CA533741-1646-3748-B5AD-1CAC0B498777}.Release|x64.Build.0 = Release|x64
		{CA533741-1646-3748-B5AD-1CAC0B498777}.MinSizeRel|x64.ActiveCfg = MinSizeRel|x64
		{CA533741-1646-3748-B5AD-1CAC0B498777}.MinSizeRel|x64.Build.0 = MinSizeRel|x64
		{CA533741-1646-3748-B5AD-1CAC0B498777}.RelWithDebInfo|x64.ActiveCfg = RelWithDebInfo|x64
		{CA533741-1646-3748-B5AD-1CAC0B498777}.RelWithDebInfo|x64.Build.0 = RelWithDebInfo|x64
		{EB0BE378-2295-3688-BE1E-AF9B94849496}.Debug|x64.ActiveCfg = Debug|x64
		{EB0BE378-2295-3688-BE1E-AF9B94849496}.Debug|x64.Build.0 = Debug|x64
		{EB0BE378-2295-3688-BE1E-AF9B94849496}.Release|x64.ActiveCfg = Release|x64
		{EB0BE378-2295-3688-BE1E-AF9B94849496}.Release|x64.Build.0 = Release|x64
		{EB0BE378-2295-3688-BE1E-AF9B94849496}.MinSizeRel|x64.ActiveCfg = MinSizeRel|x64
		{EB0BE378-2295-3688-BE1E-AF9B94849496}.MinSizeRel|x64.Build.0 = MinSizeRel|x64
		{EB0BE378-2295-3688-BE1E-AF9B94849496}.RelWithDebInfo|x64.ActiveCfg = RelWithDebInfo|x64
		{EB0BE378-2295-3688-BE1E-AF9B94849496}.RelWithDebInfo|x64.Build.0 = RelWithDebInfo|x64
		{D0E75BCB-8FB4-309E-BB9F-B3A3D5A4F0C8}.Debug|x64.ActiveCfg = Debug|x64
		{D0E75BCB-8FB4-309E-BB9F-B3A3D5A4F0C8}.Release|x64.ActiveCfg = Release|x64
		{D0E75BCB-8FB4-309E-BB9F-B3A3D5A4F0C8}.MinSizeRel|x64.ActiveCfg = MinSizeRel|x64
		{D0E75BCB-8FB4-309E-BB9F-B3A3D5A4F0C8}.RelWithDebInfo|x64.ActiveCfg = RelWithDebInfo|x64
		{23938FE2-2EAB-325A-9FE0-57FDDC435150}.Debug|x64.ActiveCfg = Debug|x64
		{23938FE2-2EAB-325A-9FE0-57FDDC435150}.Release|x64.ActiveCfg = Release|x64
		{23938FE2-2EAB-325A-9FE0-57FDDC435150}.MinSizeRel|x64.ActiveCfg = MinSizeRel|x64
		{23938FE2-2EAB-325A-9FE0-57FDDC435150}.RelWithDebInfo|x64.ActiveCfg = RelWithDebInfo|x64
	EndGlobalSection
	GlobalSection(NestedProjects) = preSolution
		{58D2A8C9-2FDC-3680-91CF-17E79E1E1D0E} = {3AE6CA36-E377-38C4-AC8B-B432CA409F54}
		{1EB643E9-4809-3035-9379-EF9B1D83984F} = {3AE6CA36-E377-38C4-AC8B-B432CA409F54}
		{BDC08190-9837-3EF7-A135-95D1E58DB92E} = {3AE6CA36-E377-38C4-AC8B-B432CA409F54}
		{42078255-F8F2-3AD1-A32E-4322DFD743C4} = {A6E7AC9C-C65B-30DE-85EF-02A4C0854B6C}
		{D0E75BCB-8FB4-309E-BB9F-B3A3D5A4F0C8} = {A6E7AC9C-C65B-30DE-85EF-02A4C0854B6C}
		{23938FE2-2EAB-325A-9FE0-57FDDC435150} = {A6E7AC9C-C65B-30DE-85EF-02A4C0854B6C}
	EndGlobalSection
	GlobalSection(ExtensibilityGlobals) = postSolution
		SolutionGuid = {2B048994-89C6-34D4-85E0-9E97B9C91F37}
	EndGlobalSection
	GlobalSection(ExtensibilityAddIns) = postSolution
	EndGlobalSection
EndGlobal
